
Microsoft Visual Studio Solution File, Format Version 12.00
# Visual Studio Version 17
VisualStudioVersion = 17.5.002.0
MinimumVisualStudioVersion = 10.0.40219.1
Project("{2150E333-8FDC-42A3-9474-1A3956D46DE8}") = "csharp-prep", "csharp-prep", "{6FF130DF-881E-4A4D-8E24-454D1FBA7375}"
EndProject
Project("{9A19103F-16F7-4668-BE54-9A1E7A4F7556}") = "Prep1", "csharp-prep\Prep1\Prep1.csproj", "{2A7AE54C-BE73-4F41-95E6-6C17E24945C7}"
EndProject
Project("{9A19103F-16F7-4668-BE54-9A1E7A4F7556}") = "Prep2", "csharp-prep\Prep2\Prep2.csproj", "{AA192469-3DDA-486B-BFB5-FD072816E5D7}"
EndProject
Project("{9A19103F-16F7-4668-BE54-9A1E7A4F7556}") = "Prep3", "csharp-prep\Prep3\Prep3.csproj", "{A70D845F-6016-47F1-9D71-40D301C3B4E1}"
EndProject
Project("{9A19103F-16F7-4668-BE54-9A1E7A4F7556}") = "Prep4", "csharp-prep\Prep4\Prep4.csproj", "{615CDD63-3F20-46E9-92BB-CC4A95A8B864}"
EndProject
Project("{9A19103F-16F7-4668-BE54-9A1E7A4F7556}") = "Prep5", "csharp-prep\Prep5\Prep5.csproj", "{F86773B9-9A68-41C1-A5B0-56ADE916B3FB}"
EndProject
Project("{2150E333-8FDC-42A3-9474-1A3956D46DE8}") = "final", "final", "{F112DF1B-5F41-4013-BAC3-CC51EA3B0CA8}"
EndProject
Project("{9A19103F-16F7-4668-BE54-9A1E7A4F7556}") = "FinalProject", "final\FinalProject\FinalProject.csproj", "{0EB3FA55-0F9F-45DD-B0F3-0D00E5CE2833}"
EndProject
Project("{9A19103F-16F7-4668-BE54-9A1E7A4F7556}") = "Foundation1", "final\Foundation1\Foundation1.csproj", "{029D8600-D07B-4571-ACB0-C9F0E5F34CC8}"
EndProject
Project("{9A19103F-16F7-4668-BE54-9A1E7A4F7556}") = "Foundation2", "final\Foundation2\Foundation2.csproj", "{EB0DDD58-7CF6-4BA0-BD61-7C8C17034BEA}"
EndProject
Project("{9A19103F-16F7-4668-BE54-9A1E7A4F7556}") = "Foundation3", "final\Foundation3\Foundation3.csproj", "{8D96CC7C-5EBB-4221-96CC-14E72A6F78CB}"
EndProject
Project("{9A19103F-16F7-4668-BE54-9A1E7A4F7556}") = "Foundation4", "final\Foundation4\Foundation4.csproj", "{D359E723-F9FC-48F4-B348-6AEFD8B12667}"
EndProject
Project("{2150E333-8FDC-42A3-9474-1A3956D46DE8}") = "prepare", "prepare", "{099930DD-E61D-42A4-A378-3CB157E5C28D}"
EndProject
Project("{9A19103F-16F7-4668-BE54-9A1E7A4F7556}") = "Learning02", "prepare\Learning02\Learning02.csproj", "{9CF47296-1D60-4A50-A548-A7B1DFED718D}"
EndProject
Project("{9A19103F-16F7-4668-BE54-9A1E7A4F7556}") = "Learning03", "prepare\Learning03\Learning03.csproj", "{CCE2C98E-DD28-4B25-B570-84BD2BAD0DF2}"
EndProject
Project("{9A19103F-16F7-4668-BE54-9A1E7A4F7556}") = "Learning04", "prepare\Learning04\Learning04.csproj", "{B40F0A7D-4F7F-46CC-A0F2-C21B3F1D35CD}"
EndProject
Project("{9A19103F-16F7-4668-BE54-9A1E7A4F7556}") = "Learning05", "prepare\Learning05\Learning05.csproj", "{51191A9C-84B3-4844-8B04-5B9AA83F194C}"
EndProject
Project("{2150E333-8FDC-42A3-9474-1A3956D46DE8}") = "prove", "prove", "{4CD6A5EC-7B61-4785-ACD9-178FCC07205C}"
EndProject
Project("{9A19103F-16F7-4668-BE54-9A1E7A4F7556}") = "Develop02", "prove\Develop02\Develop02.csproj", "{A8B9ACA2-9ABB-4D5D-B96E-979D928DD1D6}"
EndProject
Project("{9A19103F-16F7-4668-BE54-9A1E7A4F7556}") = "Develop03", "prove\Develop03\Develop03.csproj", "{EFC6498B-8553-4485-99F3-3737E16D4797}"
EndProject
Project("{9A19103F-16F7-4668-BE54-9A1E7A4F7556}") = "Develop04", "prove\Develop04\Develop04.csproj", "{FCF4047E-C08A-47CE-A1E6-9890201198BA}"
EndProject
Project("{9A19103F-16F7-4668-BE54-9A1E7A4F7556}") = "Develop05", "prove\Develop05\Develop05.csproj", "{9538FC94-D080-4BB9-97AB-BF52385E7FB6}"
EndProject
Project("{2150E333-8FDC-42A3-9474-1A3956D46DE8}") = "sandbox", "sandbox", "{797FAEC9-D1C9-4584-913F-4B9F9B8A2A25}"
EndProject
Project("{9A19103F-16F7-4668-BE54-9A1E7A4F7556}") = "Sandbox", "sandbox\Sandbox\Sandbox.csproj", "{D731548E-2A66-4404-A4CE-1CF677FE9237}"
EndProject
Global
	GlobalSection(SolutionConfigurationPlatforms) = preSolution
		Debug|Any CPU = Debug|Any CPU
		Release|Any CPU = Release|Any CPU
	EndGlobalSection
	GlobalSection(ProjectConfigurationPlatforms) = postSolution
		{2A7AE54C-BE73-4F41-95E6-6C17E24945C7}.Debug|Any CPU.ActiveCfg = Debug|Any CPU
		{2A7AE54C-BE73-4F41-95E6-6C17E24945C7}.Debug|Any CPU.Build.0 = Debug|Any CPU
		{2A7AE54C-BE73-4F41-95E6-6C17E24945C7}.Release|Any CPU.ActiveCfg = Release|Any CPU
		{2A7AE54C-BE73-4F41-95E6-6C17E24945C7}.Release|Any CPU.Build.0 = Release|Any CPU
		{AA192469-3DDA-486B-BFB5-FD072816E5D7}.Debug|Any CPU.ActiveCfg = Debug|Any CPU
		{AA192469-3DDA-486B-BFB5-FD072816E5D7}.Debug|Any CPU.Build.0 = Debug|Any CPU
		{AA192469-3DDA-486B-BFB5-FD072816E5D7}.Release|Any CPU.ActiveCfg = Release|Any CPU
		{AA192469-3DDA-486B-BFB5-FD072816E5D7}.Release|Any CPU.Build.0 = Release|Any CPU
		{A70D845F-6016-47F1-9D71-40D301C3B4E1}.Debug|Any CPU.ActiveCfg = Debug|Any CPU
		{A70D845F-6016-47F1-9D71-40D301C3B4E1}.Debug|Any CPU.Build.0 = Debug|Any CPU
		{A70D845F-6016-47F1-9D71-40D301C3B4E1}.Release|Any CPU.ActiveCfg = Release|Any CPU
		{A70D845F-6016-47F1-9D71-40D301C3B4E1}.Release|Any CPU.Build.0 = Release|Any CPU
		{615CDD63-3F20-46E9-92BB-CC4A95A8B864}.Debug|Any CPU.ActiveCfg = Debug|Any CPU
		{615CDD63-3F20-46E9-92BB-CC4A95A8B864}.Debug|Any CPU.Build.0 = Debug|Any CPU
		{615CDD63-3F20-46E9-92BB-CC4A95A8B864}.Release|Any CPU.ActiveCfg = Release|Any CPU
		{615CDD63-3F20-46E9-92BB-CC4A95A8B864}.Release|Any CPU.Build.0 = Release|Any CPU
		{F86773B9-9A68-41C1-A5B0-56ADE916B3FB}.Debug|Any CPU.ActiveCfg = Debug|Any CPU
		{F86773B9-9A68-41C1-A5B0-56ADE916B3FB}.Debug|Any CPU.Build.0 = Debug|Any CPU
		{F86773B9-9A68-41C1-A5B0-56ADE916B3FB}.Release|Any CPU.ActiveCfg = Release|Any CPU
		{F86773B9-9A68-41C1-A5B0-56ADE916B3FB}.Release|Any CPU.Build.0 = Release|Any CPU
		{0EB3FA55-0F9F-45DD-B0F3-0D00E5CE2833}.Debug|Any CPU.ActiveCfg = Debug|Any CPU
		{0EB3FA55-0F9F-45DD-B0F3-0D00E5CE2833}.Debug|Any CPU.Build.0 = Debug|Any CPU
		{0EB3FA55-0F9F-45DD-B0F3-0D00E5CE2833}.Release|Any CPU.ActiveCfg = Release|Any CPU
		{0EB3FA55-0F9F-45DD-B0F3-0D00E5CE2833}.Release|Any CPU.Build.0 = Release|Any CPU
		{029D8600-D07B-4571-ACB0-C9F0E5F34CC8}.Debug|Any CPU.ActiveCfg = Debug|Any CPU
		{029D8600-D07B-4571-ACB0-C9F0E5F34CC8}.Debug|Any CPU.Build.0 = Debug|Any CPU
		{029D8600-D07B-4571-ACB0-C9F0E5F34CC8}.Release|Any CPU.ActiveCfg = Release|Any CPU
		{029D8600-D07B-4571-ACB0-C9F0E5F34CC8}.Release|Any CPU.Build.0 = Release|Any CPU
		{EB0DDD58-7CF6-4BA0-BD61-7C8C17034BEA}.Debug|Any CPU.ActiveCfg = Debug|Any CPU
		{EB0DDD58-7CF6-4BA0-BD61-7C8C17034BEA}.Debug|Any CPU.Build.0 = Debug|Any CPU
		{EB0DDD58-7CF6-4BA0-BD61-7C8C17034BEA}.Release|Any CPU.ActiveCfg = Release|Any CPU
		{EB0DDD58-7CF6-4BA0-BD61-7C8C17034BEA}.Release|Any CPU.Build.0 = Release|Any CPU
		{8D96CC7C-5EBB-4221-96CC-14E72A6F78CB}.Debug|Any CPU.ActiveCfg = Debug|Any CPU
		{8D96CC7C-5EBB-4221-96CC-14E72A6F78CB}.Debug|Any CPU.Build.0 = Debug|Any CPU
		{8D96CC7C-5EBB-4221-96CC-14E72A6F78CB}.Release|Any CPU.ActiveCfg = Release|Any CPU
		{8D96CC7C-5EBB-4221-96CC-14E72A6F78CB}.Release|Any CPU.Build.0 = Release|Any CPU
		{D359E723-F9FC-48F4-B348-6AEFD8B12667}.Debug|Any CPU.ActiveCfg = Debug|Any CPU
		{D359E723-F9FC-48F4-B348-6AEFD8B12667}.Debug|Any CPU.Build.0 = Debug|Any CPU
		{D359E723-F9FC-48F4-B348-6AEFD8B12667}.Release|Any CPU.ActiveCfg = Release|Any CPU
		{D359E723-F9FC-48F4-B348-6AEFD8B12667}.Release|Any CPU.Build.0 = Release|Any CPU
		{9CF47296-1D60-4A50-A548-A7B1DFED718D}.Debug|Any CPU.ActiveCfg = Debug|Any CPU
		{9CF47296-1D60-4A50-A548-A7B1DFED718D}.Debug|Any CPU.Build.0 = Debug|Any CPU
		{9CF47296-1D60-4A50-A548-A7B1DFED718D}.Release|Any CPU.ActiveCfg = Release|Any CPU
		{9CF47296-1D60-4A50-A548-A7B1DFED718D}.Release|Any CPU.Build.0 = Release|Any CPU
		{CCE2C98E-DD28-4B25-B570-84BD2BAD0DF2}.Debug|Any CPU.ActiveCfg = Debug|Any CPU
		{CCE2C98E-DD28-4B25-B570-84BD2BAD0DF2}.Debug|Any CPU.Build.0 = Debug|Any CPU
		{CCE2C98E-DD28-4B25-B570-84BD2BAD0DF2}.Release|Any CPU.ActiveCfg = Release|Any CPU
		{CCE2C98E-DD28-4B25-B570-84BD2BAD0DF2}.Release|Any CPU.Build.0 = Release|Any CPU
		{B40F0A7D-4F7F-46CC-A0F2-C21B3F1D35CD}.Debug|Any CPU.ActiveCfg = Debug|Any CPU
		{B40F0A7D-4F7F-46CC-A0F2-C21B3F1D35CD}.Debug|Any CPU.Build.0 = Debug|Any CPU
		{B40F0A7D-4F7F-46CC-A0F2-C21B3F1D35CD}.Release|Any CPU.ActiveCfg = Release|Any CPU
		{B40F0A7D-4F7F-46CC-A0F2-C21B3F1D35CD}.Release|Any CPU.Build.0 = Release|Any CPU
		{51191A9C-84B3-4844-8B04-5B9AA83F194C}.Debug|Any CPU.ActiveCfg = Debug|Any CPU
		{51191A9C-84B3-4844-8B04-5B9AA83F194C}.Debug|Any CPU.Build.0 = Debug|Any CPU
		{51191A9C-84B3-4844-8B04-5B9AA83F194C}.Release|Any CPU.ActiveCfg = Release|Any CPU
		{51191A9C-84B3-4844-8B04-5B9AA83F194C}.Release|Any CPU.Build.0 = Release|Any CPU
		{A8B9ACA2-9ABB-4D5D-B96E-979D928DD1D6}.Debug|Any CPU.ActiveCfg = Debug|Any CPU
		{A8B9ACA2-9ABB-4D5D-B96E-979D928DD1D6}.Debug|Any CPU.Build.0 = Debug|Any CPU
		{A8B9ACA2-9ABB-4D5D-B96E-979D928DD1D6}.Release|Any CPU.ActiveCfg = Release|Any CPU
		{A8B9ACA2-9ABB-4D5D-B96E-979D928DD1D6}.Release|Any CPU.Build.0 = Release|Any CPU
		{EFC6498B-8553-4485-99F3-3737E16D4797}.Debug|Any CPU.ActiveCfg = Debug|Any CPU
		{EFC6498B-8553-4485-99F3-3737E16D4797}.Debug|Any CPU.Build.0 = Debug|Any CPU
		{EFC6498B-8553-4485-99F3-3737E16D4797}.Release|Any CPU.ActiveCfg = Release|Any CPU
		{EFC6498B-8553-4485-99F3-3737E16D4797}.Release|Any CPU.Build.0 = Release|Any CPU
		{FCF4047E-C08A-47CE-A1E6-9890201198BA}.Debug|Any CPU.ActiveCfg = Debug|Any CPU
		{FCF4047E-C08A-47CE-A1E6-9890201198BA}.Debug|Any CPU.Build.0 = Debug|Any CPU
		{FCF4047E-C08A-47CE-A1E6-9890201198BA}.Release|Any CPU.ActiveCfg = Release|Any CPU
		{FCF4047E-C08A-47CE-A1E6-9890201198BA}.Release|Any CPU.Build.0 = Release|Any CPU
		{9538FC94-D080-4BB9-97AB-BF52385E7FB6}.Debug|Any CPU.ActiveCfg = Debug|Any CPU
		{9538FC94-D080-4BB9-97AB-BF52385E7FB6}.Debug|Any CPU.Build.0 = Debug|Any CPU
		{9538FC94-D080-4BB9-97AB-BF52385E7FB6}.Release|Any CPU.ActiveCfg = Release|Any CPU
		{9538FC94-D080-4BB9-97AB-BF52385E7FB6}.Release|Any CPU.Build.0 = Release|Any CPU
		{D731548E-2A66-4404-A4CE-1CF677FE9237}.Debug|Any CPU.ActiveCfg = Debug|Any CPU
		{D731548E-2A66-4404-A4CE-1CF677FE9237}.Debug|Any CPU.Build.0 = Debug|Any CPU
		{D731548E-2A66-4404-A4CE-1CF677FE9237}.Release|Any CPU.ActiveCfg = Release|Any CPU
		{D731548E-2A66-4404-A4CE-1CF677FE9237}.Release|Any CPU.Build.0 = Release|Any CPU
	EndGlobalSection
	GlobalSection(SolutionProperties) = preSolution
		HideSolutionNode = FALSE
	EndGlobalSection
	GlobalSection(NestedProjects) = preSolution
		{2A7AE54C-BE73-4F41-95E6-6C17E24945C7} = {6FF130DF-881E-4A4D-8E24-454D1FBA7375}
		{AA192469-3DDA-486B-BFB5-FD072816E5D7} = {6FF130DF-881E-4A4D-8E24-454D1FBA7375}
		{A70D845F-6016-47F1-9D71-40D301C3B4E1} = {6FF130DF-881E-4A4D-8E24-454D1FBA7375}
		{615CDD63-3F20-46E9-92BB-CC4A95A8B864} = {6FF130DF-881E-4A4D-8E24-454D1FBA7375}
		{F86773B9-9A68-41C1-A5B0-56ADE916B3FB} = {6FF130DF-881E-4A4D-8E24-454D1FBA7375}
		{0EB3FA55-0F9F-45DD-B0F3-0D00E5CE2833} = {F112DF1B-5F41-4013-BAC3-CC51EA3B0CA8}
		{029D8600-D07B-4571-ACB0-C9F0E5F34CC8} = {F112DF1B-5F41-4013-BAC3-CC51EA3B0CA8}
		{EB0DDD58-7CF6-4BA0-BD61-7C8C17034BEA} = {F112DF1B-5F41-4013-BAC3-CC51EA3B0CA8}
		{8D96CC7C-5EBB-4221-96CC-14E72A6F78CB} = {F112DF1B-5F41-4013-BAC3-CC51EA3B0CA8}
		{D359E723-F9FC-48F4-B348-6AEFD8B12667} = {F112DF1B-5F41-4013-BAC3-CC51EA3B0CA8}
		{9CF47296-1D60-4A50-A548-A7B1DFED718D} = {099930DD-E61D-42A4-A378-3CB157E5C28D}
		{CCE2C98E-DD28-4B25-B570-84BD2BAD0DF2} = {099930DD-E61D-42A4-A378-3CB157E5C28D}
		{B40F0A7D-4F7F-46CC-A0F2-C21B3F1D35CD} = {099930DD-E61D-42A4-A378-3CB157E5C28D}
		{51191A9C-84B3-4844-8B04-5B9AA83F194C} = {099930DD-E61D-42A4-A378-3CB157E5C28D}
		{A8B9ACA2-9ABB-4D5D-B96E-979D928DD1D6} = {4CD6A5EC-7B61-4785-ACD9-178FCC07205C}
		{EFC6498B-8553-4485-99F3-3737E16D4797} = {4CD6A5EC-7B61-4785-ACD9-178FCC07205C}
		{FCF4047E-C08A-47CE-A1E6-9890201198BA} = {4CD6A5EC-7B61-4785-ACD9-178FCC07205C}
		{9538FC94-D080-4BB9-97AB-BF52385E7FB6} = {4CD6A5EC-7B61-4785-ACD9-178FCC07205C}
		{D731548E-2A66-4404-A4CE-1CF677FE9237} = {797FAEC9-D1C9-4584-913F-4B9F9B8A2A25}
	EndGlobalSection
	GlobalSection(ExtensibilityGlobals) = postSolution
		SolutionGuid = {8FB60A9B-920E-4670-A373-08AE4A8DC7F8}
	EndGlobalSection
EndGlobal
